
Microsoft Visual Studio Solution File, Format Version 12.00
# Visual Studio Version 17
VisualStudioVersion = 17.13.35818.85
MinimumVisualStudioVersion = 10.0.40219.1
Project("{2150E333-8FDC-42A3-9474-1A3956D46DE8}") = "src", "src", "{827E0CD3-B72D-47B6-A68D-7590B98EB39B}"
EndProject
Project("{FAE04EC0-301F-11D3-BF4B-00C04F79EFBC}") = "Planner.Data", "src\Planner.Data\Planner.Data.csproj", "{97AC724E-DA6F-420E-BC2F-8FED7C035254}"
EndProject
Project("{FAE04EC0-301F-11D3-BF4B-00C04F79EFBC}") = "Planner.Api", "src\Planner.Api\Planner.Api.csproj", "{240BE0FB-7D1E-4291-BD7E-CE7EE51A6451}"
EndProject
Project("{FAE04EC0-301F-11D3-BF4B-00C04F79EFBC}") = "Planner.Tests", "src\Planner.Tests\Planner.Tests.csproj", "{70DCBD39-2BFF-443A-8F37-31F0DD13CFCE}"
EndProject
Global
	GlobalSection(SolutionConfigurationPlatforms) = preSolution
		Debug|Any CPU = Debug|Any CPU
		Debug|x64 = Debug|x64
		Debug|x86 = Debug|x86
		Release|Any CPU = Release|Any CPU
		Release|x64 = Release|x64
		Release|x86 = Release|x86
	EndGlobalSection
	GlobalSection(ProjectConfigurationPlatforms) = postSolution
		{97AC724E-DA6F-420E-BC2F-8FED7C035254}.Debug|Any CPU.ActiveCfg = Debug|Any CPU
		{97AC724E-DA6F-420E-BC2F-8FED7C035254}.Debug|Any CPU.Build.0 = Debug|Any CPU
		{97AC724E-DA6F-420E-BC2F-8FED7C035254}.Debug|x64.ActiveCfg = Debug|Any CPU
		{97AC724E-DA6F-420E-BC2F-8FED7C035254}.Debug|x64.Build.0 = Debug|Any CPU
		{97AC724E-DA6F-420E-BC2F-8FED7C035254}.Debug|x86.ActiveCfg = Debug|Any CPU
		{97AC724E-DA6F-420E-BC2F-8FED7C035254}.Debug|x86.Build.0 = Debug|Any CPU
		{97AC724E-DA6F-420E-BC2F-8FED7C035254}.Release|Any CPU.ActiveCfg = Release|Any CPU
		{97AC724E-DA6F-420E-BC2F-8FED7C035254}.Release|Any CPU.Build.0 = Release|Any CPU
		{97AC724E-DA6F-420E-BC2F-8FED7C035254}.Release|x64.ActiveCfg = Release|Any CPU
		{97AC724E-DA6F-420E-BC2F-8FED7C035254}.Release|x64.Build.0 = Release|Any CPU
		{97AC724E-DA6F-420E-BC2F-8FED7C035254}.Release|x86.ActiveCfg = Release|Any CPU
		{97AC724E-DA6F-420E-BC2F-8FED7C035254}.Release|x86.Build.0 = Release|Any CPU
		{240BE0FB-7D1E-4291-BD7E-CE7EE51A6451}.Debug|Any CPU.ActiveCfg = Debug|Any CPU
		{240BE0FB-7D1E-4291-BD7E-CE7EE51A6451}.Debug|Any CPU.Build.0 = Debug|Any CPU
		{240BE0FB-7D1E-4291-BD7E-CE7EE51A6451}.Debug|x64.ActiveCfg = Debug|Any CPU
		{240BE0FB-7D1E-4291-BD7E-CE7EE51A6451}.Debug|x64.Build.0 = Debug|Any CPU
		{240BE0FB-7D1E-4291-BD7E-CE7EE51A6451}.Debug|x86.ActiveCfg = Debug|Any CPU
		{240BE0FB-7D1E-4291-BD7E-CE7EE51A6451}.Debug|x86.Build.0 = Debug|Any CPU
		{240BE0FB-7D1E-4291-BD7E-CE7EE51A6451}.Release|Any CPU.ActiveCfg = Release|Any CPU
		{240BE0FB-7D1E-4291-BD7E-CE7EE51A6451}.Release|Any CPU.Build.0 = Release|Any CPU
		{240BE0FB-7D1E-4291-BD7E-CE7EE51A6451}.Release|x64.ActiveCfg = Release|Any CPU
		{240BE0FB-7D1E-4291-BD7E-CE7EE51A6451}.Release|x64.Build.0 = Release|Any CPU
		{240BE0FB-7D1E-4291-BD7E-CE7EE51A6451}.Release|x86.ActiveCfg = Release|Any CPU
		{240BE0FB-7D1E-4291-BD7E-CE7EE51A6451}.Release|x86.Build.0 = Release|Any CPU
		{70DCBD39-2BFF-443A-8F37-31F0DD13CFCE}.Debug|Any CPU.ActiveCfg = Debug|Any CPU
		{70DCBD39-2BFF-443A-8F37-31F0DD13CFCE}.Debug|Any CPU.Build.0 = Debug|Any CPU
		{70DCBD39-2BFF-443A-8F37-31F0DD13CFCE}.Debug|x64.ActiveCfg = Debug|Any CPU
		{70DCBD39-2BFF-443A-8F37-31F0DD13CFCE}.Debug|x64.Build.0 = Debug|Any CPU
		{70DCBD39-2BFF-443A-8F37-31F0DD13CFCE}.Debug|x86.ActiveCfg = Debug|Any CPU
		{70DCBD39-2BFF-443A-8F37-31F0DD13CFCE}.Debug|x86.Build.0 = Debug|Any CPU
		{70DCBD39-2BFF-443A-8F37-31F0DD13CFCE}.Release|Any CPU.ActiveCfg = Release|Any CPU
		{70DCBD39-2BFF-443A-8F37-31F0DD13CFCE}.Release|Any CPU.Build.0 = Release|Any CPU
		{70DCBD39-2BFF-443A-8F37-31F0DD13CFCE}.Release|x64.ActiveCfg = Release|Any CPU
		{70DCBD39-2BFF-443A-8F37-31F0DD13CFCE}.Release|x64.Build.0 = Release|Any CPU
		{70DCBD39-2BFF-443A-8F37-31F0DD13CFCE}.Release|x86.ActiveCfg = Release|Any CPU
		{70DCBD39-2BFF-443A-8F37-31F0DD13CFCE}.Release|x86.Build.0 = Release|Any CPU
	EndGlobalSection
	GlobalSection(SolutionProperties) = preSolution
		HideSolutionNode = FALSE
	EndGlobalSection
	GlobalSection(NestedProjects) = preSolution
		{97AC724E-DA6F-420E-BC2F-8FED7C035254} = {827E0CD3-B72D-47B6-A68D-7590B98EB39B}
		{240BE0FB-7D1E-4291-BD7E-CE7EE51A6451} = {827E0CD3-B72D-47B6-A68D-7590B98EB39B}
		{70DCBD39-2BFF-443A-8F37-31F0DD13CFCE} = {827E0CD3-B72D-47B6-A68D-7590B98EB39B}
	EndGlobalSection
	GlobalSection(ExtensibilityGlobals) = postSolution
		SolutionGuid = {FAA08BB9-96BF-4153-AEFD-E91529DFF344}
	EndGlobalSection
EndGlobal
